// !$*UTF8*$!
{
	archiveVersion = 1;
	classes = {
	};
	objectVersion = 77;
	objects = {

/* Begin PBXContainerItemProxy section */
		18771A8630641CC9001C1DB0 /* PBXContainerItemProxy */ = {
			isa = PBXContainerItemProxy;
			containerPortal = 18771A6E30641CC7001C1DB0 /* Project object */;
			proxyType = 1;
			remoteGlobalIDString = 18771A7530641CC7001C1DB0;
			remoteInfo = DigitalControler;
		};
		18771A9030641CC9001C1DB0 /* PBXContainerItemProxy */ = {
			isa = PBXContainerItemProxy;
			containerPortal = 18771A6E30641CC7001C1DB0 /* Project object */;
			proxyType = 1;
			remoteGlobalIDString = 18771A7530641CC7001C1DB0;
			remoteInfo = DigitalControler;
		};
/* End PBXContainerItemProxy section */

/* Begin PBXFileReference section */
		18771A7630641CC7001C1DB0 /* DigitalControler.app */ = {isa = PBXFileReference; explicitFileType = wrapper.application; includeInIndex = 0; path = DigitalControler.app; sourceTree = BUILT_PRODUCTS_DIR; };
		18771A8530641CC9001C1DB0 /* DigitalControlerTests.xctest */ = {isa = PBXFileReference; explicitFileType = wrapper.cfbundle; includeInIndex = 0; path = DigitalControlerTests.xctest; sourceTree = BUILT_PRODUCTS_DIR; };
		18771A8F30641CC9001C1DB0 /* DigitalControlerUITests.xctest */ = {isa = PBXFileReference; explicitFileType = wrapper.cfbundle; includeInIndex = 0; path = DigitalControlerUITests.xctest; sourceTree = BUILT_PRODUCTS_DIR; };
		18771B0130641CC9001C1DB0 /* DigitalControlerMac.app */ = {isa = PBXFileReference; explicitFileType = wrapper.application; includeInIndex = 0; path = DigitalControlerMac.app; sourceTree = BUILT_PRODUCTS_DIR; };
/* End PBXFileReference section */

/* Begin PBXFileSystemSynchronizedBuildFileExceptionSet section */
		18771B0B30641CC9001C1DB0 /* Exceptions for "DigitalControler" folder in "DigitalControler" target */ = {
			isa = PBXFileSystemSynchronizedBuildFileExceptionSet;
			membershipExceptions = (
				Info.plist,
			);
			target = 18771A7530641CC7001C1DB0 /* DigitalControler */;
		};
/* End PBXFileSystemSynchronizedBuildFileExceptionSet section */

/* Begin PBXFileSystemSynchronizedRootGroup section */
		18771A7830641CC7001C1DB0 /* DigitalControler */ = {
			isa = PBXFileSystemSynchronizedRootGroup;
			exceptions = (
				18771B0B30641CC9001C1DB0 /* Exceptions for "DigitalControler" folder in "DigitalControler" target */,
			);
			path = DigitalControler;
			sourceTree = "<group>";
		};
		18771A8830641CC9001C1DB0 /* DigitalControlerTests */ = {
			isa = PBXFileSystemSynchronizedRootGroup;
			path = DigitalControlerTests;
			sourceTree = "<group>";
		};
		18771A9230641CC9001C1DB0 /* DigitalControlerUITests */ = {
			isa = PBXFileSystemSynchronizedRootGroup;
			path = DigitalControlerUITests;
			sourceTree = "<group>";
		};
		18771B0230641CC9001C1DB0 /* DigitalControlerMac */ = {
			isa = PBXFileSystemSynchronizedRootGroup;
			path = DigitalControlerMac;
			sourceTree = "<group>";
		};
		18771B0330641CC9001C1DB0 /* Shared */ = {
			isa = PBXFileSystemSynchronizedRootGroup;
			path = Shared;
			sourceTree = "<group>";
		};
/* End PBXFileSystemSynchronizedRootGroup section */

/* Begin PBXFrameworksBuildPhase section */
		18771A7330641CC7001C1DB0 /* Frameworks */ = {
			isa = PBXFrameworksBuildPhase;
			buildActionMask = 2147483647;
			files = (
			);
			runOnlyForDeploymentPostprocessing = 0;
		};
		18771A8230641CC9001C1DB0 /* Frameworks */ = {
			isa = PBXFrameworksBuildPhase;
			buildActionMask = 2147483647;
			files = (
			);
			runOnlyForDeploymentPostprocessing = 0;
		};
		18771A8C30641CC9001C1DB0 /* Frameworks */ = {
			isa = PBXFrameworksBuildPhase;
			buildActionMask = 2147483647;
			files = (
			);
			runOnlyForDeploymentPostprocessing = 0;
		};
		18771B0530641CC9001C1DB0 /* Frameworks */ = {
			isa = PBXFrameworksBuildPhase;
			buildActionMask = 2147483647;
			files = (
			);
			runOnlyForDeploymentPostprocessing = 0;
		};
/* End PBXFrameworksBuildPhase section */

/* Begin PBXGroup section */
		18771A6D30641CC7001C1DB0 = {
			isa = PBXGroup;
			children = (
				18771A7830641CC7001C1DB0 /* DigitalControler */,
				18771A8830641CC9001C1DB0 /* DigitalControlerTests */,
				18771A9230641CC9001C1DB0 /* DigitalControlerUITests */,
				18771B0230641CC9001C1DB0 /* DigitalControlerMac */,
				18771B0330641CC9001C1DB0 /* Shared */,
				18771A7730641CC7001C1DB0 /* Products */,
			);
			sourceTree = "<group>";
		};
		18771A7730641CC7001C1DB0 /* Products */ = {
			isa = PBXGroup;
			children = (
				18771A7630641CC7001C1DB0 /* DigitalControler.app */,
				18771A8530641CC9001C1DB0 /* DigitalControlerTests.xctest */,
				18771A8F30641CC9001C1DB0 /* DigitalControlerUITests.xctest */,
				18771B0130641CC9001C1DB0 /* DigitalControlerMac.app */,
			);
			name = Products;
			sourceTree = "<group>";
		};
/* End PBXGroup section */

/* Begin PBXNativeTarget section */
		18771A7530641CC7001C1DB0 /* DigitalControler */ = {
			isa = PBXNativeTarget;
			buildConfigurationList = 18771A9930641CC9001C1DB0 /* Build configuration list for PBXNativeTarget "DigitalControler" */;
			buildPhases = (
				18771A7230641CC7001C1DB0 /* Sources */,
				18771A7330641CC7001C1DB0 /* Frameworks */,
				18771A7430641CC7001C1DB0 /* Resources */,
			);
			buildRules = (
			);
			dependencies = (
			);
			fileSystemSynchronizedGroups = (
				18771A7830641CC7001C1DB0 /* DigitalControler */,
				18771B0330641CC9001C1DB0 /* Shared */,
			);
			name = DigitalControler;
			packageProductDependencies = (
			);
			productName = DigitalControler;
			productReference = 18771A7630641CC7001C1DB0 /* DigitalControler.app */;
			productType = "com.apple.product-type.application";
		};
		18771A8430641CC9001C1DB0 /* DigitalControlerTests */ = {
			isa = PBXNativeTarget;
			buildConfigurationList = 18771A9C30641CC9001C1DB0 /* Build configuration list for PBXNativeTarget "DigitalControlerTests" */;
			buildPhases = (
				18771A8130641CC9001C1DB0 /* Sources */,
				18771A8230641CC9001C1DB0 /* Frameworks */,
				18771A8330641CC9001C1DB0 /* Resources */,
			);
			buildRules = (
			);
			dependencies = (
				18771A8730641CC9001C1DB0 /* PBXTargetDependency */,
			);
			fileSystemSynchronizedGroups = (
				18771A8830641CC9001C1DB0 /* DigitalControlerTests */,
			);
			name = DigitalControlerTests;
			packageProductDependencies = (
			);
			productName = DigitalControlerTests;
			productReference = 18771A8530641CC9001C1DB0 /* DigitalControlerTests.xctest */;
			productType = "com.apple.product-type.bundle.unit-test";
		};
		18771A8E30641CC9001C1DB0 /* DigitalControlerUITests */ = {
			isa = PBXNativeTarget;
			buildConfigurationList = 18771A9F30641CC9001C1DB0 /* Build configuration list for PBXNativeTarget "DigitalControlerUITests" */;
			buildPhases = (
				18771A8B30641CC9001C1DB0 /* Sources */,
				18771A8C30641CC9001C1DB0 /* Frameworks */,
				18771A8D30641CC9001C1DB0 /* Resources */,
			);
			buildRules = (
			);
			dependencies = (
				18771A9130641CC9001C1DB0 /* PBXTargetDependency */,
			);
			fileSystemSynchronizedGroups = (
				18771A9230641CC9001C1DB0 /* DigitalControlerUITests */,
			);
			name = DigitalControlerUITests;
			packageProductDependencies = (
			);
			productName = DigitalControlerUITests;
			productReference = 18771A8F30641CC9001C1DB0 /* DigitalControlerUITests.xctest */;
			productType = "com.apple.product-type.bundle.ui-testing";
		};
		18771B0730641CC9001C1DB0 /* DigitalControlerMac */ = {
			isa = PBXNativeTarget;
			buildConfigurationList = 18771B0830641CC9001C1DB0 /* Build configuration list for PBXNativeTarget "DigitalControlerMac" */;
			buildPhases = (
				18771B0430641CC9001C1DB0 /* Sources */,
				18771B0530641CC9001C1DB0 /* Frameworks */,
				18771B0630641CC9001C1DB0 /* Resources */,
			);
			buildRules = (
			);
			dependencies = (
			);
			fileSystemSynchronizedGroups = (
				18771B0230641CC9001C1DB0 /* DigitalControlerMac */,
				18771B0330641CC9001C1DB0 /* Shared */,
			);
			name = DigitalControlerMac;
			packageProductDependencies = (
			);
			productName = DigitalControlerMac;
			productReference = 18771B0130641CC9001C1DB0 /* DigitalControlerMac.app */;
			productType = "com.apple.product-type.application";
		};
/* End PBXNativeTarget section */

/* Begin PBXProject section */
		18771A6E30641CC7001C1DB0 /* Project object */ = {
			isa = PBXProject;
			attributes = {
				BuildIndependentTargetsInParallel = 1;
				LastSwiftUpdateCheck = 2660;
				LastUpgradeCheck = 2660;
				TargetAttributes = {
					18771A7530641CC7001C1DB0 = {
						CreatedOnToolsVersion = 26.6;
					};
					18771A8430641CC9001C1DB0 = {
						CreatedOnToolsVersion = 26.6;
						TestTargetID = 18771A7530641CC7001C1DB0;
					};
					18771A8E30641CC9001C1DB0 = {
						CreatedOnToolsVersion = 26.6;
						TestTargetID = 18771A7530641CC7001C1DB0;
					};
					18771B0730641CC9001C1DB0 = {
						CreatedOnToolsVersion = 26.6;
					};
				};
			};
			buildConfigurationList = 18771A7130641CC7001C1DB0 /* Build configuration list for PBXProject "DigitalControler" */;
			developmentRegion = en;
			hasScannedForEncodings = 0;
			knownRegions = (
				en,
				Base,
			);
			mainGroup = 18771A6D30641CC7001C1DB0;
			minimizedProjectReferenceProxies = 1;
			preferredProjectObjectVersion = 77;
			productRefGroup = 18771A7730641CC7001C1DB0 /* Products */;
			projectDirPath = "";
			projectRoot = "";
			targets = (
				18771A7530641CC7001C1DB0 /* DigitalControler */,
				18771A8430641CC9001C1DB0 /* DigitalControlerTests */,
				18771A8E30641CC9001C1DB0 /* DigitalControlerUITests */,
				18771B0730641CC9001C1DB0 /* DigitalControlerMac */,
			);
		};
/* End PBXProject section */

/* Begin PBXResourcesBuildPhase section */
		18771A7430641CC7001C1DB0 /* Resources */ = {
			isa = PBXResourcesBuildPhase;
			buildActionMask = 2147483647;
			files = (
			);
			runOnlyForDeploymentPostprocessing = 0;
		};
		18771A8330641CC9001C1DB0 /* Resources */ = {
			isa = PBXResourcesBuildPhase;
			buildActionMask = 2147483647;
			files = (
			);
			runOnlyForDeploymentPostprocessing = 0;
		};
		18771A8D30641CC9001C1DB0 /* Resources */ = {
			isa = PBXResourcesBuildPhase;
			buildActionMask = 2147483647;
			files = (
			);
			runOnlyForDeploymentPostprocessing = 0;
		};
		18771B0630641CC9001C1DB0 /* Resources */ = {
			isa = PBXResourcesBuildPhase;
			buildActionMask = 2147483647;
			files = (
			);
			runOnlyForDeploymentPostprocessing = 0;
		};
/* End PBXResourcesBuildPhase section */

/* Begin PBXSourcesBuildPhase section */
		18771A7230641CC7001C1DB0 /* Sources */ = {
			isa = PBXSourcesBuildPhase;
			buildActionMask = 2147483647;
			files = (
			);
			runOnlyForDeploymentPostprocessing = 0;
		};
		18771A8130641CC9001C1DB0 /* Sources */ = {
			isa = PBXSourcesBuildPhase;
			buildActionMask = 2147483647;
			files = (
			);
			runOnlyForDeploymentPostprocessing = 0;
		};
		18771A8B30641CC9001C1DB0 /* Sources */ = {
			isa = PBXSourcesBuildPhase;
			buildActionMask = 2147483647;
			files = (
			);
			runOnlyForDeploymentPostprocessing = 0;
		};
		18771B0430641CC9001C1DB0 /* Sources */ = {
			isa = PBXSourcesBuildPhase;
			buildActionMask = 2147483647;
			files = (
			);
			runOnlyForDeploymentPostprocessing = 0;
		};
/* End PBXSourcesBuildPhase section */

/* Begin PBXTargetDependency section */
		18771A8730641CC9001C1DB0 /* PBXTargetDependency */ = {
			isa = PBXTargetDependency;
			target = 18771A7530641CC7001C1DB0 /* DigitalControler */;
			targetProxy = 18771A8630641CC9001C1DB0 /* PBXContainerItemProxy */;
		};
		18771A9130641CC9001C1DB0 /* PBXTargetDependency */ = {
			isa = PBXTargetDependency;
			target = 18771A7530641CC7001C1DB0 /* DigitalControler */;
			targetProxy = 18771A9030641CC9001C1DB0 /* PBXContainerItemProxy */;
		};
/* End PBXTargetDependency section */

/* Begin XCBuildConfiguration section */
		18771A9730641CC9001C1DB0 /* Debug */ = {
			isa = XCBuildConfiguration;
			buildSettings = {
				ALWAYS_SEARCH_USER_PATHS = NO;
				ASSETCATALOG_COMPILER_GENERATE_SWIFT_ASSET_SYMBOL_EXTENSIONS = YES;
				CLANG_ANALYZER_NONNULL = YES;
				CLANG_ANALYZER_NUMBER_OBJECT_CONVERSION = YES_AGGRESSIVE;
				CLANG_CXX_LANGUAGE_STANDARD = "gnu++20";
				CLANG_ENABLE_MODULES = YES;
				CLANG_ENABLE_OBJC_ARC = YES;
				CLANG_ENABLE_OBJC_WEAK = YES;
				CLANG_WARN_BLOCK_CAPTURE_AUTORELEASING = YES;
				CLANG_WARN_BOOL_CONVERSION = YES;
				CLANG_WARN_COMMA = YES;
				CLANG_WARN_CONSTANT_CONVERSION = YES;
				CLANG_WARN_DEPRECATED_OBJC_IMPLEMENTATIONS = YES;
				CLANG_WARN_DIRECT_OBJC_ISA_USAGE = YES_ERROR;
				CLANG_WARN_DOCUMENTATION_COMMENTS = YES;
				CLANG_WARN_EMPTY_BODY = YES;
				CLANG_WARN_ENUM_CONVERSION = YES;
				CLANG_WARN_INFINITE_RECURSION = YES;
				CLANG_WARN_INT_CONVERSION = YES;
				CLANG_WARN_NON_LITERAL_NULL_CONVERSION = YES;
				CLANG_WARN_OBJC_IMPLICIT_RETAIN_SELF = YES;
				CLANG_WARN_OBJC_LITERAL_CONVERSION = YES;
				CLANG_WARN_OBJC_ROOT_CLASS = YES_ERROR;
				CLANG_WARN_QUOTED_INCLUDE_IN_FRAMEWORK_HEADER = YES;
				CLANG_WARN_RANGE_LOOP_ANALYSIS = YES;
				CLANG_WARN_STRICT_PROTOTYPES = YES;
				CLANG_WARN_SUSPICIOUS_MOVE = YES;
				CLANG_WARN_UNGUARDED_AVAILABILITY = YES_AGGRESSIVE;
				CLANG_WARN_UNREACHABLE_CODE = YES;
				CLANG_WARN__DUPLICATE_METHOD_MATCH = YES;
				COPY_PHASE_STRIP = NO;
				DEBUG_INFORMATION_FORMAT = dwarf;
				DEVELOPMENT_TEAM = 7RQ9DQUGKZ;
				ENABLE_STRICT_OBJC_MSGSEND = YES;
				ENABLE_TESTABILITY = YES;
				ENABLE_USER_SCRIPT_SANDBOXING = YES;
				GCC_C_LANGUAGE_STANDARD = gnu17;
				GCC_DYNAMIC_NO_PIC = NO;
				GCC_NO_COMMON_BLOCKS = YES;
				GCC_OPTIMIZATION_LEVEL = 0;
				GCC_PREPROCESSOR_DEFINITIONS = (
					"DEBUG=1",
					"$(inherited)",
				);
				GCC_WARN_64_TO_32_BIT_CONVERSION = YES;
				GCC_WARN_ABOUT_RETURN_TYPE = YES_ERROR;
				GCC_WARN_UNDECLARED_SELECTOR = YES;
				GCC_WARN_UNINITIALIZED_AUTOS = YES_AGGRESSIVE;
				GCC_WARN_UNUSED_FUNCTION = YES;
				GCC_WARN_UNUSED_VARIABLE = YES;
				IPHONEOS_DEPLOYMENT_TARGET = 26.5;
				LOCALIZATION_PREFERS_STRING_CATALOGS = YES;
				MTL_ENABLE_DEBUG_INFO = INCLUDE_SOURCE;
				MTL_FAST_MATH = YES;
				ONLY_ACTIVE_ARCH = YES;
				SDKROOT = iphoneos;
				SWIFT_ACTIVE_COMPILATION_CONDITIONS = "DEBUG $(inherited)";
				SWIFT_OPTIMIZATION_LEVEL = "-Onone";
			};
			name = Debug;
		};
		18771A9830641CC9001C1DB0 /* Release */ = {
			isa = XCBuildConfiguration;
			buildSettings = {
				ALWAYS_SEARCH_USER_PATHS = NO;
				ASSETCATALOG_COMPILER_GENERATE_SWIFT_ASSET_SYMBOL_EXTENSIONS = YES;
				CLANG_ANALYZER_NONNULL = YES;
				CLANG_ANALYZER_NUMBER_OBJECT_CONVERSION = YES_AGGRESSIVE;
				CLANG_CXX_LANGUAGE_STANDARD = "gnu++20";
				CLANG_ENABLE_MODULES = YES;
				CLANG_ENABLE_OBJC_ARC = YES;
				CLANG_ENABLE_OBJC_WEAK = YES;
				CLANG_WARN_BLOCK_CAPTURE_AUTORELEASING = YES;
				CLANG_WARN_BOOL_CONVERSION = YES;
				CLANG_WARN_COMMA = YES;
				CLANG_WARN_CONSTANT_CONVERSION = YES;
				CLANG_WARN_DEPRECATED_OBJC_IMPLEMENTATIONS = YES;
				CLANG_WARN_DIRECT_OBJC_ISA_USAGE = YES_ERROR;
				CLANG_WARN_DOCUMENTATION_COMMENTS = YES;
				CLANG_WARN_EMPTY_BODY = YES;
				CLANG_WARN_ENUM_CONVERSION = YES;
				CLANG_WARN_INFINITE_RECURSION = YES;
				CLANG_WARN_INT_CONVERSION = YES;
				CLANG_WARN_NON_LITERAL_NULL_CONVERSION = YES;
				CLANG_WARN_OBJC_IMPLICIT_RETAIN_SELF = YES;
				CLANG_WARN_OBJC_LITERAL_CONVERSION = YES;
				CLANG_WARN_OBJC_ROOT_CLASS = YES_ERROR;
				CLANG_WARN_QUOTED_INCLUDE_IN_FRAMEWORK_HEADER = YES;
				CLANG_WARN_RANGE_LOOP_ANALYSIS = YES;
				CLANG_WARN_STRICT_PROTOTYPES = YES;
				CLANG_WARN_SUSPICIOUS_MOVE = YES;
				CLANG_WARN_UNGUARDED_AVAILABILITY = YES_AGGRESSIVE;
				CLANG_WARN_UNREACHABLE_CODE = YES;
				CLANG_WARN__DUPLICATE_METHOD_MATCH = YES;
				COPY_PHASE_STRIP = NO;
				DEBUG_INFORMATION_FORMAT = "dwarf-with-dsym";
				DEVELOPMENT_TEAM = 7RQ9DQUGKZ;
				ENABLE_NS_ASSERTIONS = NO;
				ENABLE_STRICT_OBJC_MSGSEND = YES;
				ENABLE_USER_SCRIPT_SANDBOXING = YES;
				GCC_C_LANGUAGE_STANDARD = gnu17;
				GCC_NO_COMMON_BLOCKS = YES;
				GCC_WARN_64_TO_32_BIT_CONVERSION = YES;
				GCC_WARN_ABOUT_RETURN_TYPE = YES_ERROR;
				GCC_WARN_UNDECLARED_SELECTOR = YES;
				GCC_WARN_UNINITIALIZED_AUTOS = YES_AGGRESSIVE;
				GCC_WARN_UNUSED_FUNCTION = YES;
				GCC_WARN_UNUSED_VARIABLE = YES;
				IPHONEOS_DEPLOYMENT_TARGET = 26.5;
				LOCALIZATION_PREFERS_STRING_CATALOGS = YES;
				MTL_ENABLE_DEBUG_INFO = NO;
				MTL_FAST_MATH = YES;
				SDKROOT = iphoneos;
				SWIFT_COMPILATION_MODE = wholemodule;
				VALIDATE_PRODUCT = YES;
			};
			name = Release;
		};
		18771A9A30641CC9001C1DB0 /* Debug */ = {
			isa = XCBuildConfiguration;
			buildSettings = {
				ASSETCATALOG_COMPILER_APPICON_NAME = AppIcon;
				ASSETCATALOG_COMPILER_GLOBAL_ACCENT_COLOR_NAME = AccentColor;
				CODE_SIGN_STYLE = Automatic;
				CURRENT_PROJECT_VERSION = 1;
				DEVELOPMENT_TEAM = 7RQ9DQUGKZ;
				ENABLE_PREVIEWS = YES;
				GENERATE_INFOPLIST_FILE = YES;
				INFOPLIST_FILE = DigitalControler/Info.plist;
				INFOPLIST_KEY_CFBundleDisplayName = Touche;
				INFOPLIST_KEY_UIApplicationSceneManifest_Generation = YES;
				INFOPLIST_KEY_UIApplicationSupportsIndirectInputEvents = YES;
				INFOPLIST_KEY_UILaunchScreen_Generation = YES;
				INFOPLIST_KEY_UISupportedInterfaceOrientations_iPad = "UIInterfaceOrientationPortrait UIInterfaceOrientationPortraitUpsideDown UIInterfaceOrientationLandscapeLeft UIInterfaceOrientationLandscapeRight";
				INFOPLIST_KEY_UISupportedInterfaceOrientations_iPhone = "UIInterfaceOrientationPortrait UIInterfaceOrientationLandscapeLeft UIInterfaceOrientationLandscapeRight";
				IPHONEOS_DEPLOYMENT_TARGET = 18.6;
				LD_RUNPATH_SEARCH_PATHS = (
					"$(inherited)",
					"@executable_path/Frameworks",
				);
				MARKETING_VERSION = 1.0;
				PRODUCT_BUNDLE_IDENTIFIER = com.jua.DigitalControler;
				PRODUCT_NAME = "$(TARGET_NAME)";
				STRING_CATALOG_GENERATE_SYMBOLS = YES;
				SWIFT_APPROACHABLE_CONCURRENCY = YES;
				SWIFT_DEFAULT_ACTOR_ISOLATION = MainActor;
				SWIFT_EMIT_LOC_STRINGS = YES;
				SWIFT_UPCOMING_FEATURE_MEMBER_IMPORT_VISIBILITY = YES;
				SWIFT_VERSION = 5.0;
				TARGETED_DEVICE_FAMILY = "1,2";
			};
			name = Debug;
		};
		18771A9B30641CC9001C1DB0 /* Release */ = {
			isa = XCBuildConfiguration;
			buildSettings = {
				ASSETCATALOG_COMPILER_APPICON_NAME = AppIcon;
				ASSETCATALOG_COMPILER_GLOBAL_ACCENT_COLOR_NAME = AccentColor;
				CODE_SIGN_STYLE = Automatic;
				CURRENT_PROJECT_VERSION = 1;
				DEVELOPMENT_TEAM = 7RQ9DQUGKZ;
				ENABLE_PREVIEWS = YES;
				GENERATE_INFOPLIST_FILE = YES;
				INFOPLIST_FILE = DigitalControler/Info.plist;
				INFOPLIST_KEY_CFBundleDisplayName = Touche;
				INFOPLIST_KEY_UIApplicationSceneManifest_Generation = YES;
				INFOPLIST_KEY_UIApplicationSupportsIndirectInputEvents = YES;
				INFOPLIST_KEY_UILaunchScreen_Generation = YES;
				INFOPLIST_KEY_UISupportedInterfaceOrientations_iPad = "UIInterfaceOrientationPortrait UIInterfaceOrientationPortraitUpsideDown UIInterfaceOrientationLandscapeLeft UIInterfaceOrientationLandscapeRight";
				INFOPLIST_KEY_UISupportedInterfaceOrientations_iPhone = "UIInterfaceOrientationPortrait UIInterfaceOrientationLandscapeLeft UIInterfaceOrientationLandscapeRight";
				IPHONEOS_DEPLOYMENT_TARGET = 18.6;
				LD_RUNPATH_SEARCH_PATHS = (
					"$(inherited)",
					"@executable_path/Frameworks",
				);
				MARKETING_VERSION = 1.0;
				PRODUCT_BUNDLE_IDENTIFIER = com.jua.DigitalControler;
				PRODUCT_NAME = "$(TARGET_NAME)";
				STRING_CATALOG_GENERATE_SYMBOLS = YES;
				SWIFT_APPROACHABLE_CONCURRENCY = YES;
				SWIFT_DEFAULT_ACTOR_ISOLATION = MainActor;
				SWIFT_EMIT_LOC_STRINGS = YES;
				SWIFT_UPCOMING_FEATURE_MEMBER_IMPORT_VISIBILITY = YES;
				SWIFT_VERSION = 5.0;
				TARGETED_DEVICE_FAMILY = "1,2";
			};
			name = Release;
		};
		18771A9D30641CC9001C1DB0 /* Debug */ = {
			isa = XCBuildConfiguration;
			buildSettings = {
				BUNDLE_LOADER = "$(TEST_HOST)";
				CODE_SIGN_STYLE = Automatic;
				CURRENT_PROJECT_VERSION = 1;
				DEVELOPMENT_TEAM = 7RQ9DQUGKZ;
				GENERATE_INFOPLIST_FILE = YES;
				IPHONEOS_DEPLOYMENT_TARGET = 26.5;
				MARKETING_VERSION = 1.0;
				PRODUCT_BUNDLE_IDENTIFIER = com.jua.DigitalControlerTests;
				PRODUCT_NAME = "$(TARGET_NAME)";
				STRING_CATALOG_GENERATE_SYMBOLS = NO;
				SWIFT_APPROACHABLE_CONCURRENCY = YES;
				SWIFT_EMIT_LOC_STRINGS = NO;
				SWIFT_UPCOMING_FEATURE_MEMBER_IMPORT_VISIBILITY = YES;
				SWIFT_VERSION = 5.0;
				TARGETED_DEVICE_FAMILY = "1,2";
				TEST_HOST = "$(BUILT_PRODUCTS_DIR)/DigitalControler.app/$(BUNDLE_EXECUTABLE_FOLDER_PATH)/DigitalControler";
			};
			name = Debug;
		};
		18771A9E30641CC9001C1DB0 /* Release */ = {
			isa = XCBuildConfiguration;
			buildSettings = {
				BUNDLE_LOADER = "$(TEST_HOST)";
				CODE_SIGN_STYLE = Automatic;
				CURRENT_PROJECT_VERSION = 1;
				DEVELOPMENT_TEAM = 7RQ9DQUGKZ;
				GENERATE_INFOPLIST_FILE = YES;
				IPHONEOS_DEPLOYMENT_TARGET = 26.5;
				MARKETING_VERSION = 1.0;
				PRODUCT_BUNDLE_IDENTIFIER = com.jua.DigitalControlerTests;
				PRODUCT_NAME = "$(TARGET_NAME)";
				STRING_CATALOG_GENERATE_SYMBOLS = NO;
				SWIFT_APPROACHABLE_CONCURRENCY = YES;
				SWIFT_EMIT_LOC_STRINGS = NO;
				SWIFT_UPCOMING_FEATURE_MEMBER_IMPORT_VISIBILITY = YES;
				SWIFT_VERSION = 5.0;
				TARGETED_DEVICE_FAMILY = "1,2";
				TEST_HOST = "$(BUILT_PRODUCTS_DIR)/DigitalControler.app/$(BUNDLE_EXECUTABLE_FOLDER_PATH)/DigitalControler";
			};
			name = Release;
		};
		18771AA030641CC9001C1DB0 /* Debug */ = {
			isa = XCBuildConfiguration;
			buildSettings = {
				CODE_SIGN_STYLE = Automatic;
				CURRENT_PROJECT_VERSION = 1;
				DEVELOPMENT_TEAM = 7RQ9DQUGKZ;
				GENERATE_INFOPLIST_FILE = YES;
				MARKETING_VERSION = 1.0;
				PRODUCT_BUNDLE_IDENTIFIER = com.jua.DigitalControlerUITests;
				PRODUCT_NAME = "$(TARGET_NAME)";
				STRING_CATALOG_GENERATE_SYMBOLS = NO;
				SWIFT_APPROACHABLE_CONCURRENCY = YES;
				SWIFT_EMIT_LOC_STRINGS = NO;
				SWIFT_UPCOMING_FEATURE_MEMBER_IMPORT_VISIBILITY = YES;
				SWIFT_VERSION = 5.0;
				TARGETED_DEVICE_FAMILY = "1,2";
				TEST_TARGET_NAME = DigitalControler;
			};
			name = Debug;
		};
		18771AA130641CC9001C1DB0 /* Release */ = {
			isa = XCBuildConfiguration;
			buildSettings = {
				CODE_SIGN_STYLE = Automatic;
				CURRENT_PROJECT_VERSION = 1;
				DEVELOPMENT_TEAM = 7RQ9DQUGKZ;
				GENERATE_INFOPLIST_FILE = YES;
				MARKETING_VERSION = 1.0;
				PRODUCT_BUNDLE_IDENTIFIER = com.jua.DigitalControlerUITests;
				PRODUCT_NAME = "$(TARGET_NAME)";
				STRING_CATALOG_GENERATE_SYMBOLS = NO;
				SWIFT_APPROACHABLE_CONCURRENCY = YES;
				SWIFT_EMIT_LOC_STRINGS = NO;
				SWIFT_UPCOMING_FEATURE_MEMBER_IMPORT_VISIBILITY = YES;
				SWIFT_VERSION = 5.0;
				TARGETED_DEVICE_FAMILY = "1,2";
				TEST_TARGET_NAME = DigitalControler;
			};
			name = Release;
		};
		18771B0930641CC9001C1DB0 /* Debug */ = {
			isa = XCBuildConfiguration;
			buildSettings = {
				ASSETCATALOG_COMPILER_APPICON_NAME = AppIcon;
				CODE_SIGN_STYLE = Automatic;
				COMBINE_HIDPI_IMAGES = YES;
				CURRENT_PROJECT_VERSION = 1;
				DEVELOPMENT_TEAM = 7RQ9DQUGKZ;
				ENABLE_HARDENED_RUNTIME = YES;
				ENABLE_PREVIEWS = YES;
				GENERATE_INFOPLIST_FILE = YES;
				INFOPLIST_KEY_LSUIElement = YES;
				INFOPLIST_KEY_CFBundleDisplayName = Touche;
				INFOPLIST_KEY_NSLocalNetworkUsageDescription = "Touche listens on the local network so your iPhone can act as this Mac's trackpad.";
				LD_RUNPATH_SEARCH_PATHS = (
					"$(inherited)",
					"@executable_path/../Frameworks",
				);
				MACOSX_DEPLOYMENT_TARGET = 15.0;
				MARKETING_VERSION = 1.0;
				PRODUCT_BUNDLE_IDENTIFIER = com.jua.DigitalControlerMac;
				PRODUCT_NAME = Touche;
				SDKROOT = macosx;
				SWIFT_APPROACHABLE_CONCURRENCY = YES;
				SWIFT_DEFAULT_ACTOR_ISOLATION = MainActor;
				SWIFT_UPCOMING_FEATURE_MEMBER_IMPORT_VISIBILITY = YES;
				SWIFT_VERSION = 5.0;
			};
			name = Debug;
		};
		18771B0A30641CC9001C1DB0 /* Release */ = {
			isa = XCBuildConfiguration;
			buildSettings = {
				ASSETCATALOG_COMPILER_APPICON_NAME = AppIcon;
				CODE_SIGN_STYLE = Automatic;
				COMBINE_HIDPI_IMAGES = YES;
				CURRENT_PROJECT_VERSION = 1;
				DEVELOPMENT_TEAM = 7RQ9DQUGKZ;
				ENABLE_HARDENED_RUNTIME = YES;
				ENABLE_PREVIEWS = YES;
				GENERATE_INFOPLIST_FILE = YES;
				INFOPLIST_KEY_LSUIElement = YES;
				INFOPLIST_KEY_CFBundleDisplayName = Touche;
				INFOPLIST_KEY_NSLocalNetworkUsageDescription = "Touche listens on the local network so your iPhone can act as this Mac's trackpad.";
				LD_RUNPATH_SEARCH_PATHS = (
					"$(inherited)",
					"@executable_path/../Frameworks",
				);
				MACOSX_DEPLOYMENT_TARGET = 15.0;
				MARKETING_VERSION = 1.0;
				PRODUCT_BUNDLE_IDENTIFIER = com.jua.DigitalControlerMac;
				PRODUCT_NAME = Touche;
				SDKROOT = macosx;
				SWIFT_APPROACHABLE_CONCURRENCY = YES;
				SWIFT_DEFAULT_ACTOR_ISOLATION = MainActor;
				SWIFT_UPCOMING_FEATURE_MEMBER_IMPORT_VISIBILITY = YES;
				SWIFT_VERSION = 5.0;
			};
			name = Release;
		};
/* End XCBuildConfiguration section */

/* Begin XCConfigurationList section */
		18771A7130641CC7001C1DB0 /* Build configuration list for PBXProject "DigitalControler" */ = {
			isa = XCConfigurationList;
			buildConfigurations = (
				18771A9730641CC9001C1DB0 /* Debug */,
				18771A9830641CC9001C1DB0 /* Release */,
			);
			defaultConfigurationIsVisible = 0;
			defaultConfigurationName = Release;
		};
		18771A9930641CC9001C1DB0 /* Build configuration list for PBXNativeTarget "DigitalControler" */ = {
			isa = XCConfigurationList;
			buildConfigurations = (
				18771A9A30641CC9001C1DB0 /* Debug */,
				18771A9B30641CC9001C1DB0 /* Release */,
			);
			defaultConfigurationIsVisible = 0;
			defaultConfigurationName = Release;
		};
		18771A9C30641CC9001C1DB0 /* Build configuration list for PBXNativeTarget "DigitalControlerTests" */ = {
			isa = XCConfigurationList;
			buildConfigurations = (
				18771A9D30641CC9001C1DB0 /* Debug */,
				18771A9E30641CC9001C1DB0 /* Release */,
			);
			defaultConfigurationIsVisible = 0;
			defaultConfigurationName = Release;
		};
		18771A9F30641CC9001C1DB0 /* Build configuration list for PBXNativeTarget "DigitalControlerUITests" */ = {
			isa = XCConfigurationList;
			buildConfigurations = (
				18771AA030641CC9001C1DB0 /* Debug */,
				18771AA130641CC9001C1DB0 /* Release */,
			);
			defaultConfigurationIsVisible = 0;
			defaultConfigurationName = Release;
		};
		18771B0830641CC9001C1DB0 /* Build configuration list for PBXNativeTarget "DigitalControlerMac" */ = {
			isa = XCConfigurationList;
			buildConfigurations = (
				18771B0930641CC9001C1DB0 /* Debug */,
				18771B0A30641CC9001C1DB0 /* Release */,
			);
			defaultConfigurationIsVisible = 0;
			defaultConfigurationName = Release;
		};
/* End XCConfigurationList section */
	};
	rootObject = 18771A6E30641CC7001C1DB0 /* Project object */;
}
